
Microsoft Visual Studio Solution File, Format Version 11.00
# Visual Studio 2010
Project("{FAE04EC0-301F-11D3-BF4B-00C04F79EFBC}") = "Fodder.Windows", "Fodder.Windows\Fodder.Windows\Fodder.Windows.csproj", "{EF6B2671-16CD-40B6-8072-7A4E2FC583D0}"
EndProject
Project("{FAE04EC0-301F-11D3-BF4B-00C04F79EFBC}") = "Fodder.Content", "Fodder.Content\Fodder.Content.contentproj", "{A5ACB79A-0071-4507-A27D-BD9C817DCF55}"
EndProject
Project("{FAE04EC0-301F-11D3-BF4B-00C04F79EFBC}") = "Fodder.Core", "Fodder.Core\Fodder.Core.csproj", "{7DFA4F42-2CD3-4CC3-B654-B6A185CF3E8D}"
EndProject
Project("{FAE04EC0-301F-11D3-BF4B-00C04F79EFBC}") = "Fodder.WindowsPhone", "Fodder.WindowsPhone\Fodder.WindowsPhone\Fodder.WindowsPhone.csproj", "{27FE5D22-2A73-4A73-968A-A22F0609138D}"
EndProject
Project("{FAE04EC0-301F-11D3-BF4B-00C04F79EFBC}") = "Fodder.GameState", "Fodder.GameState\Fodder.GameState.csproj", "{D34C3D8C-F271-43C5-9CA2-71C42F6BC9C6}"
EndProject
Project("{FAE04EC0-301F-11D3-BF4B-00C04F79EFBC}") = "Fodder.Utils", "Fodder.Utils\Fodder.Utils.csproj", "{4AA6BA9D-F363-4B1D-B925-DA6865FF0CFF}"
EndProject
Project("{2150E333-8FDC-42A3-9474-1A3956D46DE8}") = "Mono", "Mono", "{B607AB53-7D89-4413-B0C9-21BE72BF10EE}"
EndProject
Project("{FAE04EC0-301F-11D3-BF4B-00C04F79EFBC}") = "Fodder.Mono.Windows", "Fodder.Mono.Windows\Fodder.Mono.Windows.csproj", "{B2D11FA2-9DA5-426A-B5D5-83C17EDB9A70}"
EndProject
Project("{FAE04EC0-301F-11D3-BF4B-00C04F79EFBC}") = "Fodder.Mono.Linux", "Fodder.Mono.Linux\Fodder.Mono.Linux.csproj", "{6553DB24-76E3-47C7-9432-D139E142D50D}"
EndProject
Global
	GlobalSection(SolutionConfigurationPlatforms) = preSolution
		Android|Any CPU = Android|Any CPU
		Android|Mixed Platforms = Android|Mixed Platforms
		Android|Windows Phone = Android|Windows Phone
		Android|x86 = Android|x86
		Debug|Any CPU = Debug|Any CPU
		Debug|Mixed Platforms = Debug|Mixed Platforms
		Debug|Windows Phone = Debug|Windows Phone
		Debug|x86 = Debug|x86
		iOS|Any CPU = iOS|Any CPU
		iOS|Mixed Platforms = iOS|Mixed Platforms
		iOS|Windows Phone = iOS|Windows Phone
		iOS|x86 = iOS|x86
		Linux|Any CPU = Linux|Any CPU
		Linux|Mixed Platforms = Linux|Mixed Platforms
		Linux|Windows Phone = Linux|Windows Phone
		Linux|x86 = Linux|x86
		Mac|Any CPU = Mac|Any CPU
		Mac|Mixed Platforms = Mac|Mixed Platforms
		Mac|Windows Phone = Mac|Windows Phone
		Mac|x86 = Mac|x86
		Release|Any CPU = Release|Any CPU
		Release|Mixed Platforms = Release|Mixed Platforms
		Release|Windows Phone = Release|Windows Phone
		Release|x86 = Release|x86
		Windows|Any CPU = Windows|Any CPU
		Windows|Mixed Platforms = Windows|Mixed Platforms
		Windows|Windows Phone = Windows|Windows Phone
		Windows|x86 = Windows|x86
		Windows8|Any CPU = Windows8|Any CPU
		Windows8|Mixed Platforms = Windows8|Mixed Platforms
		Windows8|Windows Phone = Windows8|Windows Phone
		Windows8|x86 = Windows8|x86
	EndGlobalSection
	GlobalSection(ProjectConfigurationPlatforms) = postSolution
		{EF6B2671-16CD-40B6-8072-7A4E2FC583D0}.Android|Any CPU.ActiveCfg = Release|x86
		{EF6B2671-16CD-40B6-8072-7A4E2FC583D0}.Android|Mixed Platforms.ActiveCfg = Release|x86
		{EF6B2671-16CD-40B6-8072-7A4E2FC583D0}.Android|Mixed Platforms.Build.0 = Release|x86
		{EF6B2671-16CD-40B6-8072-7A4E2FC583D0}.Android|Windows Phone.ActiveCfg = Release|x86
		{EF6B2671-16CD-40B6-8072-7A4E2FC583D0}.Android|x86.ActiveCfg = Release|x86
		{EF6B2671-16CD-40B6-8072-7A4E2FC583D0}.Android|x86.Build.0 = Release|x86
		{EF6B2671-16CD-40B6-8072-7A4E2FC583D0}.Debug|Any CPU.ActiveCfg = Debug|x86
		{EF6B2671-16CD-40B6-8072-7A4E2FC583D0}.Debug|Mixed Platforms.ActiveCfg = Debug|x86
		{EF6B2671-16CD-40B6-8072-7A4E2FC583D0}.Debug|Mixed Platforms.Build.0 = Debug|x86
		{EF6B2671-16CD-40B6-8072-7A4E2FC583D0}.Debug|Windows Phone.ActiveCfg = Debug|x86
		{EF6B2671-16CD-40B6-8072-7A4E2FC583D0}.Debug|x86.ActiveCfg = Debug|x86
		{EF6B2671-16CD-40B6-8072-7A4E2FC583D0}.Debug|x86.Build.0 = Debug|x86
		{EF6B2671-16CD-40B6-8072-7A4E2FC583D0}.iOS|Any CPU.ActiveCfg = Release|x86
		{EF6B2671-16CD-40B6-8072-7A4E2FC583D0}.iOS|Mixed Platforms.ActiveCfg = Release|x86
		{EF6B2671-16CD-40B6-8072-7A4E2FC583D0}.iOS|Mixed Platforms.Build.0 = Release|x86
		{EF6B2671-16CD-40B6-8072-7A4E2FC583D0}.iOS|Windows Phone.ActiveCfg = Release|x86
		{EF6B2671-16CD-40B6-8072-7A4E2FC583D0}.iOS|x86.ActiveCfg = Release|x86
		{EF6B2671-16CD-40B6-8072-7A4E2FC583D0}.iOS|x86.Build.0 = Release|x86
		{EF6B2671-16CD-40B6-8072-7A4E2FC583D0}.Linux|Any CPU.ActiveCfg = Release|x86
		{EF6B2671-16CD-40B6-8072-7A4E2FC583D0}.Linux|Mixed Platforms.ActiveCfg = Release|x86
		{EF6B2671-16CD-40B6-8072-7A4E2FC583D0}.Linux|Mixed Platforms.Build.0 = Release|x86
		{EF6B2671-16CD-40B6-8072-7A4E2FC583D0}.Linux|Windows Phone.ActiveCfg = Release|x86
		{EF6B2671-16CD-40B6-8072-7A4E2FC583D0}.Linux|x86.ActiveCfg = Release|x86
		{EF6B2671-16CD-40B6-8072-7A4E2FC583D0}.Linux|x86.Build.0 = Release|x86
		{EF6B2671-16CD-40B6-8072-7A4E2FC583D0}.Mac|Any CPU.ActiveCfg = Release|x86
		{EF6B2671-16CD-40B6-8072-7A4E2FC583D0}.Mac|Mixed Platforms.ActiveCfg = Release|x86
		{EF6B2671-16CD-40B6-8072-7A4E2FC583D0}.Mac|Mixed Platforms.Build.0 = Release|x86
		{EF6B2671-16CD-40B6-8072-7A4E2FC583D0}.Mac|Windows Phone.ActiveCfg = Release|x86
		{EF6B2671-16CD-40B6-8072-7A4E2FC583D0}.Mac|x86.ActiveCfg = Release|x86
		{EF6B2671-16CD-40B6-8072-7A4E2FC583D0}.Mac|x86.Build.0 = Release|x86
		{EF6B2671-16CD-40B6-8072-7A4E2FC583D0}.Release|Any CPU.ActiveCfg = Release|x86
		{EF6B2671-16CD-40B6-8072-7A4E2FC583D0}.Release|Mixed Platforms.ActiveCfg = Release|x86
		{EF6B2671-16CD-40B6-8072-7A4E2FC583D0}.Release|Mixed Platforms.Build.0 = Release|x86
		{EF6B2671-16CD-40B6-8072-7A4E2FC583D0}.Release|Windows Phone.ActiveCfg = Release|x86
		{EF6B2671-16CD-40B6-8072-7A4E2FC583D0}.Release|Windows Phone.Build.0 = Release|x86
		{EF6B2671-16CD-40B6-8072-7A4E2FC583D0}.Release|x86.ActiveCfg = Release|x86
		{EF6B2671-16CD-40B6-8072-7A4E2FC583D0}.Release|x86.Build.0 = Release|x86
		{EF6B2671-16CD-40B6-8072-7A4E2FC583D0}.Windows|Any CPU.ActiveCfg = Release|x86
		{EF6B2671-16CD-40B6-8072-7A4E2FC583D0}.Windows|Mixed Platforms.ActiveCfg = Release|x86
		{EF6B2671-16CD-40B6-8072-7A4E2FC583D0}.Windows|Mixed Platforms.Build.0 = Release|x86
		{EF6B2671-16CD-40B6-8072-7A4E2FC583D0}.Windows|Windows Phone.ActiveCfg = Release|x86
		{EF6B2671-16CD-40B6-8072-7A4E2FC583D0}.Windows|x86.ActiveCfg = Release|x86
		{EF6B2671-16CD-40B6-8072-7A4E2FC583D0}.Windows|x86.Build.0 = Release|x86
		{EF6B2671-16CD-40B6-8072-7A4E2FC583D0}.Windows8|Any CPU.ActiveCfg = Release|x86
		{EF6B2671-16CD-40B6-8072-7A4E2FC583D0}.Windows8|Mixed Platforms.ActiveCfg = Release|x86
		{EF6B2671-16CD-40B6-8072-7A4E2FC583D0}.Windows8|Mixed Platforms.Build.0 = Release|x86
		{EF6B2671-16CD-40B6-8072-7A4E2FC583D0}.Windows8|Windows Phone.ActiveCfg = Release|x86
		{EF6B2671-16CD-40B6-8072-7A4E2FC583D0}.Windows8|x86.ActiveCfg = Release|x86
		{EF6B2671-16CD-40B6-8072-7A4E2FC583D0}.Windows8|x86.Build.0 = Release|x86
		{A5ACB79A-0071-4507-A27D-BD9C817DCF55}.Android|Any CPU.ActiveCfg = Debug|Any CPU
		{A5ACB79A-0071-4507-A27D-BD9C817DCF55}.Android|Mixed Platforms.ActiveCfg = Debug|Any CPU
		{A5ACB79A-0071-4507-A27D-BD9C817DCF55}.Android|Windows Phone.ActiveCfg = Debug|Any CPU
		{A5ACB79A-0071-4507-A27D-BD9C817DCF55}.Android|x86.ActiveCfg = Debug|Any CPU
		{A5ACB79A-0071-4507-A27D-BD9C817DCF55}.Debug|Any CPU.ActiveCfg = Debug|Any CPU
		{A5ACB79A-0071-4507-A27D-BD9C817DCF55}.Debug|Mixed Platforms.ActiveCfg = Debug|Any CPU
		{A5ACB79A-0071-4507-A27D-BD9C817DCF55}.Debug|Windows Phone.ActiveCfg = Debug|Any CPU
		{A5ACB79A-0071-4507-A27D-BD9C817DCF55}.Debug|x86.ActiveCfg = Debug|Any CPU
		{A5ACB79A-0071-4507-A27D-BD9C817DCF55}.iOS|Any CPU.ActiveCfg = Debug|Any CPU
		{A5ACB79A-0071-4507-A27D-BD9C817DCF55}.iOS|Mixed Platforms.ActiveCfg = Debug|Any CPU
		{A5ACB79A-0071-4507-A27D-BD9C817DCF55}.iOS|Windows Phone.ActiveCfg = Debug|Any CPU
		{A5ACB79A-0071-4507-A27D-BD9C817DCF55}.iOS|x86.ActiveCfg = Debug|Any CPU
		{A5ACB79A-0071-4507-A27D-BD9C817DCF55}.Linux|Any CPU.ActiveCfg = Debug|Any CPU
		{A5ACB79A-0071-4507-A27D-BD9C817DCF55}.Linux|Mixed Platforms.ActiveCfg = Debug|Any CPU
		{A5ACB79A-0071-4507-A27D-BD9C817DCF55}.Linux|Windows Phone.ActiveCfg = Debug|Any CPU
		{A5ACB79A-0071-4507-A27D-BD9C817DCF55}.Linux|x86.ActiveCfg = Debug|Any CPU
		{A5ACB79A-0071-4507-A27D-BD9C817DCF55}.Mac|Any CPU.ActiveCfg = Debug|Any CPU
		{A5ACB79A-0071-4507-A27D-BD9C817DCF55}.Mac|Mixed Platforms.ActiveCfg = Debug|Any CPU
		{A5ACB79A-0071-4507-A27D-BD9C817DCF55}.Mac|Windows Phone.ActiveCfg = Debug|Any CPU
		{A5ACB79A-0071-4507-A27D-BD9C817DCF55}.Mac|x86.ActiveCfg = Debug|Any CPU
		{A5ACB79A-0071-4507-A27D-BD9C817DCF55}.Release|Any CPU.ActiveCfg = Debug|Any CPU
		{A5ACB79A-0071-4507-A27D-BD9C817DCF55}.Release|Mixed Platforms.ActiveCfg = Debug|Any CPU
		{A5ACB79A-0071-4507-A27D-BD9C817DCF55}.Release|Windows Phone.ActiveCfg = Debug|Any CPU
		{A5ACB79A-0071-4507-A27D-BD9C817DCF55}.Release|x86.ActiveCfg = Debug|Any CPU
		{A5ACB79A-0071-4507-A27D-BD9C817DCF55}.Windows|Any CPU.ActiveCfg = Debug|Any CPU
		{A5ACB79A-0071-4507-A27D-BD9C817DCF55}.Windows|Mixed Platforms.ActiveCfg = Debug|Any CPU
		{A5ACB79A-0071-4507-A27D-BD9C817DCF55}.Windows|Windows Phone.ActiveCfg = Debug|Any CPU
		{A5ACB79A-0071-4507-A27D-BD9C817DCF55}.Windows|x86.ActiveCfg = Debug|Any CPU
		{A5ACB79A-0071-4507-A27D-BD9C817DCF55}.Windows8|Any CPU.ActiveCfg = Debug|Any CPU
		{A5ACB79A-0071-4507-A27D-BD9C817DCF55}.Windows8|Mixed Platforms.ActiveCfg = Debug|Any CPU
		{A5ACB79A-0071-4507-A27D-BD9C817DCF55}.Windows8|Windows Phone.ActiveCfg = Debug|Any CPU
		{A5ACB79A-0071-4507-A27D-BD9C817DCF55}.Windows8|x86.ActiveCfg = Debug|Any CPU
		{7DFA4F42-2CD3-4CC3-B654-B6A185CF3E8D}.Android|Any CPU.ActiveCfg = Release|Any CPU
		{7DFA4F42-2CD3-4CC3-B654-B6A185CF3E8D}.Android|Any CPU.Build.0 = Release|Any CPU
		{7DFA4F42-2CD3-4CC3-B654-B6A185CF3E8D}.Android|Mixed Platforms.ActiveCfg = Release|Any CPU
		{7DFA4F42-2CD3-4CC3-B654-B6A185CF3E8D}.Android|Mixed Platforms.Build.0 = Release|Any CPU
		{7DFA4F42-2CD3-4CC3-B654-B6A185CF3E8D}.Android|Windows Phone.ActiveCfg = Release|Any CPU
		{7DFA4F42-2CD3-4CC3-B654-B6A185CF3E8D}.Android|x86.ActiveCfg = Release|Any CPU
		{7DFA4F42-2CD3-4CC3-B654-B6A185CF3E8D}.Debug|Any CPU.ActiveCfg = Debug|Any CPU
		{7DFA4F42-2CD3-4CC3-B654-B6A185CF3E8D}.Debug|Any CPU.Build.0 = Debug|Any CPU
		{7DFA4F42-2CD3-4CC3-B654-B6A185CF3E8D}.Debug|Mixed Platforms.ActiveCfg = Debug|Any CPU
		{7DFA4F42-2CD3-4CC3-B654-B6A185CF3E8D}.Debug|Mixed Platforms.Build.0 = Debug|Any CPU
		{7DFA4F42-2CD3-4CC3-B654-B6A185CF3E8D}.Debug|Windows Phone.ActiveCfg = Debug|Any CPU
		{7DFA4F42-2CD3-4CC3-B654-B6A185CF3E8D}.Debug|Windows Phone.Build.0 = Debug|Any CPU
		{7DFA4F42-2CD3-4CC3-B654-B6A185CF3E8D}.Debug|x86.ActiveCfg = Debug|Any CPU
		{7DFA4F42-2CD3-4CC3-B654-B6A185CF3E8D}.Debug|x86.Build.0 = Debug|Any CPU
		{7DFA4F42-2CD3-4CC3-B654-B6A185CF3E8D}.iOS|Any CPU.ActiveCfg = Release|Any CPU
		{7DFA4F42-2CD3-4CC3-B654-B6A185CF3E8D}.iOS|Any CPU.Build.0 = Release|Any CPU
		{7DFA4F42-2CD3-4CC3-B654-B6A185CF3E8D}.iOS|Mixed Platforms.ActiveCfg = Release|Any CPU
		{7DFA4F42-2CD3-4CC3-B654-B6A185CF3E8D}.iOS|Mixed Platforms.Build.0 = Release|Any CPU
		{7DFA4F42-2CD3-4CC3-B654-B6A185CF3E8D}.iOS|Windows Phone.ActiveCfg = Release|Any CPU
		{7DFA4F42-2CD3-4CC3-B654-B6A185CF3E8D}.iOS|x86.ActiveCfg = Release|Any CPU
		{7DFA4F42-2CD3-4CC3-B654-B6A185CF3E8D}.Linux|Any CPU.ActiveCfg = Release|Any CPU
		{7DFA4F42-2CD3-4CC3-B654-B6A185CF3E8D}.Linux|Any CPU.Build.0 = Release|Any CPU
		{7DFA4F42-2CD3-4CC3-B654-B6A185CF3E8D}.Linux|Mixed Platforms.ActiveCfg = Release|Any CPU
		{7DFA4F42-2CD3-4CC3-B654-B6A185CF3E8D}.Linux|Mixed Platforms.Build.0 = Release|Any CPU
		{7DFA4F42-2CD3-4CC3-B654-B6A185CF3E8D}.Linux|Windows Phone.ActiveCfg = Release|Any CPU
		{7DFA4F42-2CD3-4CC3-B654-B6A185CF3E8D}.Linux|x86.ActiveCfg = Release|Any CPU
		{7DFA4F42-2CD3-4CC3-B654-B6A185CF3E8D}.Mac|Any CPU.ActiveCfg = Release|Any CPU
		{7DFA4F42-2CD3-4CC3-B654-B6A185CF3E8D}.Mac|Any CPU.Build.0 = Release|Any CPU
		{7DFA4F42-2CD3-4CC3-B654-B6A185CF3E8D}.Mac|Mixed Platforms.ActiveCfg = Release|Any CPU
		{7DFA4F42-2CD3-4CC3-B654-B6A185CF3E8D}.Mac|Mixed Platforms.Build.0 = Release|Any CPU
		{7DFA4F42-2CD3-4CC3-B654-B6A185CF3E8D}.Mac|Windows Phone.ActiveCfg = Release|Any CPU
		{7DFA4F42-2CD3-4CC3-B654-B6A185CF3E8D}.Mac|x86.ActiveCfg = Release|Any CPU
		{7DFA4F42-2CD3-4CC3-B654-B6A185CF3E8D}.Release|Any CPU.ActiveCfg = Release|Any CPU
		{7DFA4F42-2CD3-4CC3-B654-B6A185CF3E8D}.Release|Any CPU.Build.0 = Release|Any CPU
		{7DFA4F42-2CD3-4CC3-B654-B6A185CF3E8D}.Release|Mixed Platforms.ActiveCfg = Release|Any CPU
		{7DFA4F42-2CD3-4CC3-B654-B6A185CF3E8D}.Release|Mixed Platforms.Build.0 = Release|Any CPU
		{7DFA4F42-2CD3-4CC3-B654-B6A185CF3E8D}.Release|Windows Phone.ActiveCfg = Release|Any CPU
		{7DFA4F42-2CD3-4CC3-B654-B6A185CF3E8D}.Release|x86.ActiveCfg = Release|Any CPU
		{7DFA4F42-2CD3-4CC3-B654-B6A185CF3E8D}.Windows|Any CPU.ActiveCfg = Release|Any CPU
		{7DFA4F42-2CD3-4CC3-B654-B6A185CF3E8D}.Windows|Any CPU.Build.0 = Release|Any CPU
		{7DFA4F42-2CD3-4CC3-B654-B6A185CF3E8D}.Windows|Mixed Platforms.ActiveCfg = Release|Any CPU
		{7DFA4F42-2CD3-4CC3-B654-B6A185CF3E8D}.Windows|Mixed Platforms.Build.0 = Release|Any CPU
		{7DFA4F42-2CD3-4CC3-B654-B6A185CF3E8D}.Windows|Windows Phone.ActiveCfg = Release|Any CPU
		{7DFA4F42-2CD3-4CC3-B654-B6A185CF3E8D}.Windows|x86.ActiveCfg = Release|Any CPU
		{7DFA4F42-2CD3-4CC3-B654-B6A185CF3E8D}.Windows8|Any CPU.ActiveCfg = Release|Any CPU
		{7DFA4F42-2CD3-4CC3-B654-B6A185CF3E8D}.Windows8|Any CPU.Build.0 = Release|Any CPU
		{7DFA4F42-2CD3-4CC3-B654-B6A185CF3E8D}.Windows8|Mixed Platforms.ActiveCfg = Release|Any CPU
		{7DFA4F42-2CD3-4CC3-B654-B6A185CF3E8D}.Windows8|Mixed Platforms.Build.0 = Release|Any CPU
		{7DFA4F42-2CD3-4CC3-B654-B6A185CF3E8D}.Windows8|Windows Phone.ActiveCfg = Release|Any CPU
		{7DFA4F42-2CD3-4CC3-B654-B6A185CF3E8D}.Windows8|x86.ActiveCfg = Release|Any CPU
		{27FE5D22-2A73-4A73-968A-A22F0609138D}.Android|Any CPU.ActiveCfg = Release|Windows Phone
		{27FE5D22-2A73-4A73-968A-A22F0609138D}.Android|Mixed Platforms.ActiveCfg = Release|Windows Phone
		{27FE5D22-2A73-4A73-968A-A22F0609138D}.Android|Mixed Platforms.Build.0 = Release|Windows Phone
		{27FE5D22-2A73-4A73-968A-A22F0609138D}.Android|Mixed Platforms.Deploy.0 = Release|Windows Phone
		{27FE5D22-2A73-4A73-968A-A22F0609138D}.Android|Windows Phone.ActiveCfg = Release|Windows Phone
		{27FE5D22-2A73-4A73-968A-A22F0609138D}.Android|Windows Phone.Build.0 = Release|Windows Phone
		{27FE5D22-2A73-4A73-968A-A22F0609138D}.Android|Windows Phone.Deploy.0 = Release|Windows Phone
		{27FE5D22-2A73-4A73-968A-A22F0609138D}.Android|x86.ActiveCfg = Release|Windows Phone
		{27FE5D22-2A73-4A73-968A-A22F0609138D}.Debug|Any CPU.ActiveCfg = Debug|Windows Phone
		{27FE5D22-2A73-4A73-968A-A22F0609138D}.Debug|Mixed Platforms.ActiveCfg = Debug|Windows Phone
		{27FE5D22-2A73-4A73-968A-A22F0609138D}.Debug|Windows Phone.ActiveCfg = Debug|Windows Phone
		{27FE5D22-2A73-4A73-968A-A22F0609138D}.Debug|Windows Phone.Build.0 = Debug|Windows Phone
		{27FE5D22-2A73-4A73-968A-A22F0609138D}.Debug|Windows Phone.Deploy.0 = Debug|Windows Phone
		{27FE5D22-2A73-4A73-968A-A22F0609138D}.Debug|x86.ActiveCfg = Debug|Windows Phone
		{27FE5D22-2A73-4A73-968A-A22F0609138D}.Debug|x86.Build.0 = Debug|Windows Phone
		{27FE5D22-2A73-4A73-968A-A22F0609138D}.iOS|Any CPU.ActiveCfg = Release|Windows Phone
		{27FE5D22-2A73-4A73-968A-A22F0609138D}.iOS|Mixed Platforms.ActiveCfg = Release|Windows Phone
		{27FE5D22-2A73-4A73-968A-A22F0609138D}.iOS|Mixed Platforms.Build.0 = Release|Windows Phone
		{27FE5D22-2A73-4A73-968A-A22F0609138D}.iOS|Mixed Platforms.Deploy.0 = Release|Windows Phone
		{27FE5D22-2A73-4A73-968A-A22F0609138D}.iOS|Windows Phone.ActiveCfg = Release|Windows Phone
		{27FE5D22-2A73-4A73-968A-A22F0609138D}.iOS|Windows Phone.Build.0 = Release|Windows Phone
		{27FE5D22-2A73-4A73-968A-A22F0609138D}.iOS|Windows Phone.Deploy.0 = Release|Windows Phone
		{27FE5D22-2A73-4A73-968A-A22F0609138D}.iOS|x86.ActiveCfg = Release|Windows Phone
		{27FE5D22-2A73-4A73-968A-A22F0609138D}.Linux|Any CPU.ActiveCfg = Release|Windows Phone
		{27FE5D22-2A73-4A73-968A-A22F0609138D}.Linux|Mixed Platforms.ActiveCfg = Release|Windows Phone
		{27FE5D22-2A73-4A73-968A-A22F0609138D}.Linux|Mixed Platforms.Build.0 = Release|Windows Phone
		{27FE5D22-2A73-4A73-968A-A22F0609138D}.Linux|Mixed Platforms.Deploy.0 = Release|Windows Phone
		{27FE5D22-2A73-4A73-968A-A22F0609138D}.Linux|Windows Phone.ActiveCfg = Release|Windows Phone
		{27FE5D22-2A73-4A73-968A-A22F0609138D}.Linux|Windows Phone.Build.0 = Release|Windows Phone
		{27FE5D22-2A73-4A73-968A-A22F0609138D}.Linux|Windows Phone.Deploy.0 = Release|Windows Phone
		{27FE5D22-2A73-4A73-968A-A22F0609138D}.Linux|x86.ActiveCfg = Release|Windows Phone
		{27FE5D22-2A73-4A73-968A-A22F0609138D}.Mac|Any CPU.ActiveCfg = Release|Windows Phone
		{27FE5D22-2A73-4A73-968A-A22F0609138D}.Mac|Mixed Platforms.ActiveCfg = Release|Windows Phone
		{27FE5D22-2A73-4A73-968A-A22F0609138D}.Mac|Mixed Platforms.Build.0 = Release|Windows Phone
		{27FE5D22-2A73-4A73-968A-A22F0609138D}.Mac|Mixed Platforms.Deploy.0 = Release|Windows Phone
		{27FE5D22-2A73-4A73-968A-A22F0609138D}.Mac|Windows Phone.ActiveCfg = Release|Windows Phone
		{27FE5D22-2A73-4A73-968A-A22F0609138D}.Mac|Windows Phone.Build.0 = Release|Windows Phone
		{27FE5D22-2A73-4A73-968A-A22F0609138D}.Mac|Windows Phone.Deploy.0 = Release|Windows Phone
		{27FE5D22-2A73-4A73-968A-A22F0609138D}.Mac|x86.ActiveCfg = Release|Windows Phone
		{27FE5D22-2A73-4A73-968A-A22F0609138D}.Release|Any CPU.ActiveCfg = Release|Windows Phone
		{27FE5D22-2A73-4A73-968A-A22F0609138D}.Release|Mixed Platforms.ActiveCfg = Release|Windows Phone
		{27FE5D22-2A73-4A73-968A-A22F0609138D}.Release|Mixed Platforms.Build.0 = Release|Windows Phone
		{27FE5D22-2A73-4A73-968A-A22F0609138D}.Release|Mixed Platforms.Deploy.0 = Release|Windows Phone
		{27FE5D22-2A73-4A73-968A-A22F0609138D}.Release|Windows Phone.ActiveCfg = Release|Windows Phone
		{27FE5D22-2A73-4A73-968A-A22F0609138D}.Release|Windows Phone.Build.0 = Release|Windows Phone
		{27FE5D22-2A73-4A73-968A-A22F0609138D}.Release|Windows Phone.Deploy.0 = Release|Windows Phone
		{27FE5D22-2A73-4A73-968A-A22F0609138D}.Release|x86.ActiveCfg = Release|Windows Phone
		{27FE5D22-2A73-4A73-968A-A22F0609138D}.Release|x86.Build.0 = Release|Windows Phone
		{27FE5D22-2A73-4A73-968A-A22F0609138D}.Windows|Any CPU.ActiveCfg = Release|Windows Phone
		{27FE5D22-2A73-4A73-968A-A22F0609138D}.Windows|Mixed Platforms.ActiveCfg = Release|Windows Phone
		{27FE5D22-2A73-4A73-968A-A22F0609138D}.Windows|Mixed Platforms.Build.0 = Release|Windows Phone
		{27FE5D22-2A73-4A73-968A-A22F0609138D}.Windows|Mixed Platforms.Deploy.0 = Release|Windows Phone
		{27FE5D22-2A73-4A73-968A-A22F0609138D}.Windows|Windows Phone.ActiveCfg = Release|Windows Phone
		{27FE5D22-2A73-4A73-968A-A22F0609138D}.Windows|Windows Phone.Build.0 = Release|Windows Phone
		{27FE5D22-2A73-4A73-968A-A22F0609138D}.Windows|Windows Phone.Deploy.0 = Release|Windows Phone
		{27FE5D22-2A73-4A73-968A-A22F0609138D}.Windows|x86.ActiveCfg = Release|Windows Phone
		{27FE5D22-2A73-4A73-968A-A22F0609138D}.Windows8|Any CPU.ActiveCfg = Release|Windows Phone
		{27FE5D22-2A73-4A73-968A-A22F0609138D}.Windows8|Mixed Platforms.ActiveCfg = Release|Windows Phone
		{27FE5D22-2A73-4A73-968A-A22F0609138D}.Windows8|Mixed Platforms.Build.0 = Release|Windows Phone
		{27FE5D22-2A73-4A73-968A-A22F0609138D}.Windows8|Mixed Platforms.Deploy.0 = Release|Windows Phone
		{27FE5D22-2A73-4A73-968A-A22F0609138D}.Windows8|Windows Phone.ActiveCfg = Release|Windows Phone
		{27FE5D22-2A73-4A73-968A-A22F0609138D}.Windows8|Windows Phone.Build.0 = Release|Windows Phone
		{27FE5D22-2A73-4A73-968A-A22F0609138D}.Windows8|Windows Phone.Deploy.0 = Release|Windows Phone
		{27FE5D22-2A73-4A73-968A-A22F0609138D}.Windows8|x86.ActiveCfg = Release|Windows Phone
		{D34C3D8C-F271-43C5-9CA2-71C42F6BC9C6}.Android|Any CPU.ActiveCfg = Release|Any CPU
		{D34C3D8C-F271-43C5-9CA2-71C42F6BC9C6}.Android|Any CPU.Build.0 = Release|Any CPU
		{D34C3D8C-F271-43C5-9CA2-71C42F6BC9C6}.Android|Mixed Platforms.ActiveCfg = Release|Any CPU
		{D34C3D8C-F271-43C5-9CA2-71C42F6BC9C6}.Android|Mixed Platforms.Build.0 = Release|Any CPU
		{D34C3D8C-F271-43C5-9CA2-71C42F6BC9C6}.Android|Windows Phone.ActiveCfg = Release|Any CPU
		{D34C3D8C-F271-43C5-9CA2-71C42F6BC9C6}.Android|x86.ActiveCfg = Release|Any CPU
		{D34C3D8C-F271-43C5-9CA2-71C42F6BC9C6}.Debug|Any CPU.ActiveCfg = Debug|Any CPU
		{D34C3D8C-F271-43C5-9CA2-71C42F6BC9C6}.Debug|Any CPU.Build.0 = Debug|Any CPU
		{D34C3D8C-F271-43C5-9CA2-71C42F6BC9C6}.Debug|Mixed Platforms.ActiveCfg = Debug|Any CPU
		{D34C3D8C-F271-43C5-9CA2-71C42F6BC9C6}.Debug|Mixed Platforms.Build.0 = Debug|Any CPU
		{D34C3D8C-F271-43C5-9CA2-71C42F6BC9C6}.Debug|Windows Phone.ActiveCfg = Debug|Any CPU
		{D34C3D8C-F271-43C5-9CA2-71C42F6BC9C6}.Debug|x86.ActiveCfg = Debug|Any CPU
		{D34C3D8C-F271-43C5-9CA2-71C42F6BC9C6}.iOS|Any CPU.ActiveCfg = Release|Any CPU
		{D34C3D8C-F271-43C5-9CA2-71C42F6BC9C6}.iOS|Any CPU.Build.0 = Release|Any CPU
		{D34C3D8C-F271-43C5-9CA2-71C42F6BC9C6}.iOS|Mixed Platforms.ActiveCfg = Release|Any CPU
		{D34C3D8C-F271-43C5-9CA2-71C42F6BC9C6}.iOS|Mixed Platforms.Build.0 = Release|Any CPU
		{D34C3D8C-F271-43C5-9CA2-71C42F6BC9C6}.iOS|Windows Phone.ActiveCfg = Release|Any CPU
		{D34C3D8C-F271-43C5-9CA2-71C42F6BC9C6}.iOS|x86.ActiveCfg = Release|Any CPU
		{D34C3D8C-F271-43C5-9CA2-71C42F6BC9C6}.Linux|Any CPU.ActiveCfg = Release|Any CPU
		{D34C3D8C-F271-43C5-9CA2-71C42F6BC9C6}.Linux|Any CPU.Build.0 = Release|Any CPU
		{D34C3D8C-F271-43C5-9CA2-71C42F6BC9C6}.Linux|Mixed Platforms.ActiveCfg = Release|Any CPU
		{D34C3D8C-F271-43C5-9CA2-71C42F6BC9C6}.Linux|Mixed Platforms.Build.0 = Release|Any CPU
		{D34C3D8C-F271-43C5-9CA2-71C42F6BC9C6}.Linux|Windows Phone.ActiveCfg = Release|Any CPU
		{D34C3D8C-F271-43C5-9CA2-71C42F6BC9C6}.Linux|x86.ActiveCfg = Release|Any CPU
		{D34C3D8C-F271-43C5-9CA2-71C42F6BC9C6}.Mac|Any CPU.ActiveCfg = Release|Any CPU
		{D34C3D8C-F271-43C5-9CA2-71C42F6BC9C6}.Mac|Any CPU.Build.0 = Release|Any CPU
		{D34C3D8C-F271-43C5-9CA2-71C42F6BC9C6}.Mac|Mixed Platforms.ActiveCfg = Release|Any CPU
		{D34C3D8C-F271-43C5-9CA2-71C42F6BC9C6}.Mac|Mixed Platforms.Build.0 = Release|Any CPU
		{D34C3D8C-F271-43C5-9CA2-71C42F6BC9C6}.Mac|Windows Phone.ActiveCfg = Release|Any CPU
		{D34C3D8C-F271-43C5-9CA2-71C42F6BC9C6}.Mac|x86.ActiveCfg = Release|Any CPU
		{D34C3D8C-F271-43C5-9CA2-71C42F6BC9C6}.Release|Any CPU.ActiveCfg = Release|Any CPU
		{D34C3D8C-F271-43C5-9CA2-71C42F6BC9C6}.Release|Any CPU.Build.0 = Release|Any CPU
		{D34C3D8C-F271-43C5-9CA2-71C42F6BC9C6}.Release|Mixed Platforms.ActiveCfg = Release|Any CPU
		{D34C3D8C-F271-43C5-9CA2-71C42F6BC9C6}.Release|Mixed Platforms.Build.0 = Release|Any CPU
		{D34C3D8C-F271-43C5-9CA2-71C42F6BC9C6}.Release|Windows Phone.ActiveCfg = Release|Any CPU
		{D34C3D8C-F271-43C5-9CA2-71C42F6BC9C6}.Release|x86.ActiveCfg = Release|Any CPU
		{D34C3D8C-F271-43C5-9CA2-71C42F6BC9C6}.Windows|Any CPU.ActiveCfg = Release|Any CPU
		{D34C3D8C-F271-43C5-9CA2-71C42F6BC9C6}.Windows|Any CPU.Build.0 = Release|Any CPU
		{D34C3D8C-F271-43C5-9CA2-71C42F6BC9C6}.Windows|Mixed Platforms.ActiveCfg = Release|Any CPU
		{D34C3D8C-F271-43C5-9CA2-71C42F6BC9C6}.Windows|Mixed Platforms.Build.0 = Release|Any CPU
		{D34C3D8C-F271-43C5-9CA2-71C42F6BC9C6}.Windows|Windows Phone.ActiveCfg = Release|Any CPU
		{D34C3D8C-F271-43C5-9CA2-71C42F6BC9C6}.Windows|x86.ActiveCfg = Release|Any CPU
		{D34C3D8C-F271-43C5-9CA2-71C42F6BC9C6}.Windows8|Any CPU.ActiveCfg = Release|Any CPU
		{D34C3D8C-F271-43C5-9CA2-71C42F6BC9C6}.Windows8|Any CPU.Build.0 = Release|Any CPU
		{D34C3D8C-F271-43C5-9CA2-71C42F6BC9C6}.Windows8|Mixed Platforms.ActiveCfg = Release|Any CPU
		{D34C3D8C-F271-43C5-9CA2-71C42F6BC9C6}.Windows8|Mixed Platforms.Build.0 = Release|Any CPU
		{D34C3D8C-F271-43C5-9CA2-71C42F6BC9C6}.Windows8|Windows Phone.ActiveCfg = Release|Any CPU
		{D34C3D8C-F271-43C5-9CA2-71C42F6BC9C6}.Windows8|x86.ActiveCfg = Release|Any CPU
		{4AA6BA9D-F363-4B1D-B925-DA6865FF0CFF}.Android|Any CPU.ActiveCfg = Release|x86
		{4AA6BA9D-F363-4B1D-B925-DA6865FF0CFF}.Android|Mixed Platforms.ActiveCfg = Release|x86
		{4AA6BA9D-F363-4B1D-B925-DA6865FF0CFF}.Android|Mixed Platforms.Build.0 = Release|x86
		{4AA6BA9D-F363-4B1D-B925-DA6865FF0CFF}.Android|Windows Phone.ActiveCfg = Release|x86
		{4AA6BA9D-F363-4B1D-B925-DA6865FF0CFF}.Android|x86.ActiveCfg = Release|x86
		{4AA6BA9D-F363-4B1D-B925-DA6865FF0CFF}.Android|x86.Build.0 = Release|x86
		{4AA6BA9D-F363-4B1D-B925-DA6865FF0CFF}.Debug|Any CPU.ActiveCfg = Debug|x86
		{4AA6BA9D-F363-4B1D-B925-DA6865FF0CFF}.Debug|Mixed Platforms.ActiveCfg = Debug|x86
		{4AA6BA9D-F363-4B1D-B925-DA6865FF0CFF}.Debug|Mixed Platforms.Build.0 = Debug|x86
		{4AA6BA9D-F363-4B1D-B925-DA6865FF0CFF}.Debug|Windows Phone.ActiveCfg = Debug|x86
		{4AA6BA9D-F363-4B1D-B925-DA6865FF0CFF}.Debug|x86.ActiveCfg = Debug|x86
		{4AA6BA9D-F363-4B1D-B925-DA6865FF0CFF}.Debug|x86.Build.0 = Debug|x86
		{4AA6BA9D-F363-4B1D-B925-DA6865FF0CFF}.iOS|Any CPU.ActiveCfg = Release|x86
		{4AA6BA9D-F363-4B1D-B925-DA6865FF0CFF}.iOS|Mixed Platforms.ActiveCfg = Release|x86
		{4AA6BA9D-F363-4B1D-B925-DA6865FF0CFF}.iOS|Mixed Platforms.Build.0 = Release|x86
		{4AA6BA9D-F363-4B1D-B925-DA6865FF0CFF}.iOS|Windows Phone.ActiveCfg = Release|x86
		{4AA6BA9D-F363-4B1D-B925-DA6865FF0CFF}.iOS|x86.ActiveCfg = Release|x86
		{4AA6BA9D-F363-4B1D-B925-DA6865FF0CFF}.iOS|x86.Build.0 = Release|x86
		{4AA6BA9D-F363-4B1D-B925-DA6865FF0CFF}.Linux|Any CPU.ActiveCfg = Release|x86
		{4AA6BA9D-F363-4B1D-B925-DA6865FF0CFF}.Linux|Mixed Platforms.ActiveCfg = Release|x86
		{4AA6BA9D-F363-4B1D-B925-DA6865FF0CFF}.Linux|Mixed Platforms.Build.0 = Release|x86
		{4AA6BA9D-F363-4B1D-B925-DA6865FF0CFF}.Linux|Windows Phone.ActiveCfg = Release|x86
		{4AA6BA9D-F363-4B1D-B925-DA6865FF0CFF}.Linux|x86.ActiveCfg = Release|x86
		{4AA6BA9D-F363-4B1D-B925-DA6865FF0CFF}.Linux|x86.Build.0 = Release|x86
		{4AA6BA9D-F363-4B1D-B925-DA6865FF0CFF}.Mac|Any CPU.ActiveCfg = Release|x86
		{4AA6BA9D-F363-4B1D-B925-DA6865FF0CFF}.Mac|Mixed Platforms.ActiveCfg = Release|x86
		{4AA6BA9D-F363-4B1D-B925-DA6865FF0CFF}.Mac|Mixed Platforms.Build.0 = Release|x86
		{4AA6BA9D-F363-4B1D-B925-DA6865FF0CFF}.Mac|Windows Phone.ActiveCfg = Release|x86
		{4AA6BA9D-F363-4B1D-B925-DA6865FF0CFF}.Mac|x86.ActiveCfg = Release|x86
		{4AA6BA9D-F363-4B1D-B925-DA6865FF0CFF}.Mac|x86.Build.0 = Release|x86
		{4AA6BA9D-F363-4B1D-B925-DA6865FF0CFF}.Release|Any CPU.ActiveCfg = Release|x86
		{4AA6BA9D-F363-4B1D-B925-DA6865FF0CFF}.Release|Mixed Platforms.ActiveCfg = Release|x86
		{4AA6BA9D-F363-4B1D-B925-DA6865FF0CFF}.Release|Mixed Platforms.Build.0 = Release|x86
		{4AA6BA9D-F363-4B1D-B925-DA6865FF0CFF}.Release|Windows Phone.ActiveCfg = Release|x86
		{4AA6BA9D-F363-4B1D-B925-DA6865FF0CFF}.Release|x86.ActiveCfg = Release|x86
		{4AA6BA9D-F363-4B1D-B925-DA6865FF0CFF}.Release|x86.Build.0 = Release|x86
		{4AA6BA9D-F363-4B1D-B925-DA6865FF0CFF}.Windows|Any CPU.ActiveCfg = Release|x86
		{4AA6BA9D-F363-4B1D-B925-DA6865FF0CFF}.Windows|Mixed Platforms.ActiveCfg = Release|x86
		{4AA6BA9D-F363-4B1D-B925-DA6865FF0CFF}.Windows|Mixed Platforms.Build.0 = Release|x86
		{4AA6BA9D-F363-4B1D-B925-DA6865FF0CFF}.Windows|Windows Phone.ActiveCfg = Release|x86
		{4AA6BA9D-F363-4B1D-B925-DA6865FF0CFF}.Windows|x86.ActiveCfg = Release|x86
		{4AA6BA9D-F363-4B1D-B925-DA6865FF0CFF}.Windows|x86.Build.0 = Release|x86
		{4AA6BA9D-F363-4B1D-B925-DA6865FF0CFF}.Windows8|Any CPU.ActiveCfg = Release|x86
		{4AA6BA9D-F363-4B1D-B925-DA6865FF0CFF}.Windows8|Mixed Platforms.ActiveCfg = Release|x86
		{4AA6BA9D-F363-4B1D-B925-DA6865FF0CFF}.Windows8|Mixed Platforms.Build.0 = Release|x86
		{4AA6BA9D-F363-4B1D-B925-DA6865FF0CFF}.Windows8|Windows Phone.ActiveCfg = Release|x86
		{4AA6BA9D-F363-4B1D-B925-DA6865FF0CFF}.Windows8|x86.ActiveCfg = Release|x86
		{4AA6BA9D-F363-4B1D-B925-DA6865FF0CFF}.Windows8|x86.Build.0 = Release|x86
		{B2D11FA2-9DA5-426A-B5D5-83C17EDB9A70}.Android|Any CPU.ActiveCfg = Release|x86
		{B2D11FA2-9DA5-426A-B5D5-83C17EDB9A70}.Android|Mixed Platforms.ActiveCfg = Release|x86
		{B2D11FA2-9DA5-426A-B5D5-83C17EDB9A70}.Android|Mixed Platforms.Build.0 = Release|x86
		{B2D11FA2-9DA5-426A-B5D5-83C17EDB9A70}.Android|Windows Phone.ActiveCfg = Release|x86
		{B2D11FA2-9DA5-426A-B5D5-83C17EDB9A70}.Android|x86.ActiveCfg = Release|x86
		{B2D11FA2-9DA5-426A-B5D5-83C17EDB9A70}.Android|x86.Build.0 = Release|x86
		{B2D11FA2-9DA5-426A-B5D5-83C17EDB9A70}.Debug|Any CPU.ActiveCfg = Debug|x86
		{B2D11FA2-9DA5-426A-B5D5-83C17EDB9A70}.Debug|Mixed Platforms.ActiveCfg = Debug|x86
		{B2D11FA2-9DA5-426A-B5D5-83C17EDB9A70}.Debug|Mixed Platforms.Build.0 = Debug|x86
		{B2D11FA2-9DA5-426A-B5D5-83C17EDB9A70}.Debug|Windows Phone.ActiveCfg = Debug|x86
		{B2D11FA2-9DA5-426A-B5D5-83C17EDB9A70}.Debug|x86.ActiveCfg = Debug|x86
		{B2D11FA2-9DA5-426A-B5D5-83C17EDB9A70}.Debug|x86.Build.0 = Debug|x86
		{B2D11FA2-9DA5-426A-B5D5-83C17EDB9A70}.iOS|Any CPU.ActiveCfg = Release|x86
		{B2D11FA2-9DA5-426A-B5D5-83C17EDB9A70}.iOS|Mixed Platforms.ActiveCfg = Release|x86
		{B2D11FA2-9DA5-426A-B5D5-83C17EDB9A70}.iOS|Mixed Platforms.Build.0 = Release|x86
		{B2D11FA2-9DA5-426A-B5D5-83C17EDB9A70}.iOS|Windows Phone.ActiveCfg = Release|x86
		{B2D11FA2-9DA5-426A-B5D5-83C17EDB9A70}.iOS|x86.ActiveCfg = Release|x86
		{B2D11FA2-9DA5-426A-B5D5-83C17EDB9A70}.iOS|x86.Build.0 = Release|x86
		{B2D11FA2-9DA5-426A-B5D5-83C17EDB9A70}.Linux|Any CPU.ActiveCfg = Release|x86
		{B2D11FA2-9DA5-426A-B5D5-83C17EDB9A70}.Linux|Mixed Platforms.ActiveCfg = Release|x86
		{B2D11FA2-9DA5-426A-B5D5-83C17EDB9A70}.Linux|Mixed Platforms.Build.0 = Release|x86
		{B2D11FA2-9DA5-426A-B5D5-83C17EDB9A70}.Linux|Windows Phone.ActiveCfg = Release|x86
		{B2D11FA2-9DA5-426A-B5D5-83C17EDB9A70}.Linux|x86.ActiveCfg = Release|x86
		{B2D11FA2-9DA5-426A-B5D5-83C17EDB9A70}.Linux|x86.Build.0 = Release|x86
		{B2D11FA2-9DA5-426A-B5D5-83C17EDB9A70}.Mac|Any CPU.ActiveCfg = Release|x86
		{B2D11FA2-9DA5-426A-B5D5-83C17EDB9A70}.Mac|Mixed Platforms.ActiveCfg = Release|x86
		{B2D11FA2-9DA5-426A-B5D5-83C17EDB9A70}.Mac|Mixed Platforms.Build.0 = Release|x86
		{B2D11FA2-9DA5-426A-B5D5-83C17EDB9A70}.Mac|Windows Phone.ActiveCfg = Release|x86
		{B2D11FA2-9DA5-426A-B5D5-83C17EDB9A70}.Mac|x86.ActiveCfg = Release|x86
		{B2D11FA2-9DA5-426A-B5D5-83C17EDB9A70}.Mac|x86.Build.0 = Release|x86
		{B2D11FA2-9DA5-426A-B5D5-83C17EDB9A70}.Release|Any CPU.ActiveCfg = Release|x86
		{B2D11FA2-9DA5-426A-B5D5-83C17EDB9A70}.Release|Mixed Platforms.ActiveCfg = Release|x86
		{B2D11FA2-9DA5-426A-B5D5-83C17EDB9A70}.Release|Mixed Platforms.Build.0 = Release|x86
		{B2D11FA2-9DA5-426A-B5D5-83C17EDB9A70}.Release|Windows Phone.ActiveCfg = Release|x86
		{B2D11FA2-9DA5-426A-B5D5-83C17EDB9A70}.Release|x86.ActiveCfg = Release|x86
		{B2D11FA2-9DA5-426A-B5D5-83C17EDB9A70}.Release|x86.Build.0 = Release|x86
		{B2D11FA2-9DA5-426A-B5D5-83C17EDB9A70}.Windows|Any CPU.ActiveCfg = Release|x86
		{B2D11FA2-9DA5-426A-B5D5-83C17EDB9A70}.Windows|Mixed Platforms.ActiveCfg = Release|x86
		{B2D11FA2-9DA5-426A-B5D5-83C17EDB9A70}.Windows|Mixed Platforms.Build.0 = Release|x86
		{B2D11FA2-9DA5-426A-B5D5-83C17EDB9A70}.Windows|Windows Phone.ActiveCfg = Release|x86
		{B2D11FA2-9DA5-426A-B5D5-83C17EDB9A70}.Windows|x86.ActiveCfg = Release|x86
		{B2D11FA2-9DA5-426A-B5D5-83C17EDB9A70}.Windows|x86.Build.0 = Release|x86
		{B2D11FA2-9DA5-426A-B5D5-83C17EDB9A70}.Windows8|Any CPU.ActiveCfg = Release|x86
		{B2D11FA2-9DA5-426A-B5D5-83C17EDB9A70}.Windows8|Mixed Platforms.ActiveCfg = Release|x86
		{B2D11FA2-9DA5-426A-B5D5-83C17EDB9A70}.Windows8|Mixed Platforms.Build.0 = Release|x86
		{B2D11FA2-9DA5-426A-B5D5-83C17EDB9A70}.Windows8|Windows Phone.ActiveCfg = Release|x86
		{B2D11FA2-9DA5-426A-B5D5-83C17EDB9A70}.Windows8|x86.ActiveCfg = Release|x86
		{B2D11FA2-9DA5-426A-B5D5-83C17EDB9A70}.Windows8|x86.Build.0 = Release|x86
		{6553DB24-76E3-47C7-9432-D139E142D50D}.Android|Any CPU.ActiveCfg = Release|x86
		{6553DB24-76E3-47C7-9432-D139E142D50D}.Android|Mixed Platforms.ActiveCfg = Release|x86
		{6553DB24-76E3-47C7-9432-D139E142D50D}.Android|Mixed Platforms.Build.0 = Release|x86
		{6553DB24-76E3-47C7-9432-D139E142D50D}.Android|Windows Phone.ActiveCfg = Release|x86
		{6553DB24-76E3-47C7-9432-D139E142D50D}.Android|x86.ActiveCfg = Release|x86
		{6553DB24-76E3-47C7-9432-D139E142D50D}.Android|x86.Build.0 = Release|x86
		{6553DB24-76E3-47C7-9432-D139E142D50D}.Debug|Any CPU.ActiveCfg = Debug|x86
		{6553DB24-76E3-47C7-9432-D139E142D50D}.Debug|Mixed Platforms.ActiveCfg = Debug|x86
		{6553DB24-76E3-47C7-9432-D139E142D50D}.Debug|Mixed Platforms.Build.0 = Debug|x86
		{6553DB24-76E3-47C7-9432-D139E142D50D}.Debug|Windows Phone.ActiveCfg = Debug|x86
		{6553DB24-76E3-47C7-9432-D139E142D50D}.Debug|x86.ActiveCfg = Debug|x86
		{6553DB24-76E3-47C7-9432-D139E142D50D}.Debug|x86.Build.0 = Debug|x86
		{6553DB24-76E3-47C7-9432-D139E142D50D}.iOS|Any CPU.ActiveCfg = Release|x86
		{6553DB24-76E3-47C7-9432-D139E142D50D}.iOS|Mixed Platforms.ActiveCfg = Release|x86
		{6553DB24-76E3-47C7-9432-D139E142D50D}.iOS|Mixed Platforms.Build.0 = Release|x86
		{6553DB24-76E3-47C7-9432-D139E142D50D}.iOS|Windows Phone.ActiveCfg = Release|x86
		{6553DB24-76E3-47C7-9432-D139E142D50D}.iOS|x86.ActiveCfg = Release|x86
		{6553DB24-76E3-47C7-9432-D139E142D50D}.iOS|x86.Build.0 = Release|x86
		{6553DB24-76E3-47C7-9432-D139E142D50D}.Linux|Any CPU.ActiveCfg = Release|x86
		{6553DB24-76E3-47C7-9432-D139E142D50D}.Linux|Mixed Platforms.ActiveCfg = Release|x86
		{6553DB24-76E3-47C7-9432-D139E142D50D}.Linux|Mixed Platforms.Build.0 = Release|x86
		{6553DB24-76E3-47C7-9432-D139E142D50D}.Linux|Windows Phone.ActiveCfg = Release|x86
		{6553DB24-76E3-47C7-9432-D139E142D50D}.Linux|x86.ActiveCfg = Release|x86
		{6553DB24-76E3-47C7-9432-D139E142D50D}.Linux|x86.Build.0 = Release|x86
		{6553DB24-76E3-47C7-9432-D139E142D50D}.Mac|Any CPU.ActiveCfg = Release|x86
		{6553DB24-76E3-47C7-9432-D139E142D50D}.Mac|Mixed Platforms.ActiveCfg = Release|x86
		{6553DB24-76E3-47C7-9432-D139E142D50D}.Mac|Mixed Platforms.Build.0 = Release|x86
		{6553DB24-76E3-47C7-9432-D139E142D50D}.Mac|Windows Phone.ActiveCfg = Release|x86
		{6553DB24-76E3-47C7-9432-D139E142D50D}.Mac|x86.ActiveCfg = Release|x86
		{6553DB24-76E3-47C7-9432-D139E142D50D}.Mac|x86.Build.0 = Release|x86
		{6553DB24-76E3-47C7-9432-D139E142D50D}.Release|Any CPU.ActiveCfg = Release|x86
		{6553DB24-76E3-47C7-9432-D139E142D50D}.Release|Mixed Platforms.ActiveCfg = Release|x86
		{6553DB24-76E3-47C7-9432-D139E142D50D}.Release|Mixed Platforms.Build.0 = Release|x86
		{6553DB24-76E3-47C7-9432-D139E142D50D}.Release|Windows Phone.ActiveCfg = Release|x86
		{6553DB24-76E3-47C7-9432-D139E142D50D}.Release|x86.ActiveCfg = Release|x86
		{6553DB24-76E3-47C7-9432-D139E142D50D}.Release|x86.Build.0 = Release|x86
		{6553DB24-76E3-47C7-9432-D139E142D50D}.Windows|Any CPU.ActiveCfg = Release|x86
		{6553DB24-76E3-47C7-9432-D139E142D50D}.Windows|Mixed Platforms.ActiveCfg = Release|x86
		{6553DB24-76E3-47C7-9432-D139E142D50D}.Windows|Mixed Platforms.Build.0 = Release|x86
		{6553DB24-76E3-47C7-9432-D139E142D50D}.Windows|Windows Phone.ActiveCfg = Release|x86
		{6553DB24-76E3-47C7-9432-D139E142D50D}.Windows|x86.ActiveCfg = Release|x86
		{6553DB24-76E3-47C7-9432-D139E142D50D}.Windows|x86.Build.0 = Release|x86
		{6553DB24-76E3-47C7-9432-D139E142D50D}.Windows8|Any CPU.ActiveCfg = Release|x86
		{6553DB24-76E3-47C7-9432-D139E142D50D}.Windows8|Mixed Platforms.ActiveCfg = Release|x86
		{6553DB24-76E3-47C7-9432-D139E142D50D}.Windows8|Mixed Platforms.Build.0 = Release|x86
		{6553DB24-76E3-47C7-9432-D139E142D50D}.Windows8|Windows Phone.ActiveCfg = Release|x86
		{6553DB24-76E3-47C7-9432-D139E142D50D}.Windows8|x86.ActiveCfg = Release|x86
		{6553DB24-76E3-47C7-9432-D139E142D50D}.Windows8|x86.Build.0 = Release|x86
	EndGlobalSection
	GlobalSection(SolutionProperties) = preSolution
		HideSolutionNode = FALSE
	EndGlobalSection
	GlobalSection(NestedProjects) = preSolution
		{B2D11FA2-9DA5-426A-B5D5-83C17EDB9A70} = {B607AB53-7D89-4413-B0C9-21BE72BF10EE}
		{6553DB24-76E3-47C7-9432-D139E142D50D} = {B607AB53-7D89-4413-B0C9-21BE72BF10EE}
	EndGlobalSection
EndGlobal
