
Microsoft Visual Studio Solution File, Format Version 11.00
# Visual Studio 2010
Project("{FAE04EC0-301F-11D3-BF4B-00C04F79EFBC}") = "Fodder.Windows", "Fodder.Windows\Fodder.Windows\Fodder.Windows.csproj", "{EF6B2671-16CD-40B6-8072-7A4E2FC583D0}"
EndProject
Project("{FAE04EC0-301F-11D3-BF4B-00C04F79EFBC}") = "Fodder.Content", "Fodder.Content\Fodder.Content.contentproj", "{A5ACB79A-0071-4507-A27D-BD9C817DCF55}"
EndProject
Project("{FAE04EC0-301F-11D3-BF4B-00C04F79EFBC}") = "Fodder.Core", "Fodder.Core\Fodder.Core.csproj", "{7DFA4F42-2CD3-4CC3-B654-B6A185CF3E8D}"
EndProject
Project("{FAE04EC0-301F-11D3-BF4B-00C04F79EFBC}") = "Fodder.WindowsPhone", "Fodder.WindowsPhone\Fodder.WindowsPhone\Fodder.WindowsPhone.csproj", "{27FE5D22-2A73-4A73-968A-A22F0609138D}"
EndProject
Project("{FAE04EC0-301F-11D3-BF4B-00C04F79EFBC}") = "Fodder.GameState", "Fodder.GameState\Fodder.GameState.csproj", "{D34C3D8C-F271-43C5-9CA2-71C42F6BC9C6}"
EndProject
Project("{FAE04EC0-301F-11D3-BF4B-00C04F79EFBC}") = "Fodder.Utils", "Fodder.Utils\Fodder.Utils.csproj", "{4AA6BA9D-F363-4B1D-B925-DA6865FF0CFF}"
EndProject
Global
	GlobalSection(SolutionConfigurationPlatforms) = preSolution
		Debug|Any CPU = Debug|Any CPU
		Debug|Mixed Platforms = Debug|Mixed Platforms
		Debug|Windows Phone = Debug|Windows Phone
		Debug|x86 = Debug|x86
		Release|Any CPU = Release|Any CPU
		Release|Mixed Platforms = Release|Mixed Platforms
		Release|Windows Phone = Release|Windows Phone
		Release|x86 = Release|x86
	EndGlobalSection
	GlobalSection(ProjectConfigurationPlatforms) = postSolution
		{EF6B2671-16CD-40B6-8072-7A4E2FC583D0}.Debug|Any CPU.ActiveCfg = Debug|x86
		{EF6B2671-16CD-40B6-8072-7A4E2FC583D0}.Debug|Mixed Platforms.ActiveCfg = Debug|x86
		{EF6B2671-16CD-40B6-8072-7A4E2FC583D0}.Debug|Mixed Platforms.Build.0 = Debug|x86
		{EF6B2671-16CD-40B6-8072-7A4E2FC583D0}.Debug|Windows Phone.ActiveCfg = Debug|x86
		{EF6B2671-16CD-40B6-8072-7A4E2FC583D0}.Debug|x86.ActiveCfg = Debug|x86
		{EF6B2671-16CD-40B6-8072-7A4E2FC583D0}.Debug|x86.Build.0 = Debug|x86
		{EF6B2671-16CD-40B6-8072-7A4E2FC583D0}.Release|Any CPU.ActiveCfg = Release|x86
		{EF6B2671-16CD-40B6-8072-7A4E2FC583D0}.Release|Mixed Platforms.ActiveCfg = Release|x86
		{EF6B2671-16CD-40B6-8072-7A4E2FC583D0}.Release|Mixed Platforms.Build.0 = Release|x86
		{EF6B2671-16CD-40B6-8072-7A4E2FC583D0}.Release|Windows Phone.ActiveCfg = Release|x86
		{EF6B2671-16CD-40B6-8072-7A4E2FC583D0}.Release|Windows Phone.Build.0 = Release|x86
		{EF6B2671-16CD-40B6-8072-7A4E2FC583D0}.Release|x86.ActiveCfg = Release|x86
		{EF6B2671-16CD-40B6-8072-7A4E2FC583D0}.Release|x86.Build.0 = Release|x86
		{A5ACB79A-0071-4507-A27D-BD9C817DCF55}.Debug|Any CPU.ActiveCfg = Debug|Any CPU
		{A5ACB79A-0071-4507-A27D-BD9C817DCF55}.Debug|Mixed Platforms.ActiveCfg = Debug|Any CPU
		{A5ACB79A-0071-4507-A27D-BD9C817DCF55}.Debug|Windows Phone.ActiveCfg = Debug|Any CPU
		{A5ACB79A-0071-4507-A27D-BD9C817DCF55}.Debug|x86.ActiveCfg = Debug|Any CPU
		{A5ACB79A-0071-4507-A27D-BD9C817DCF55}.Release|Any CPU.ActiveCfg = Debug|Any CPU
		{A5ACB79A-0071-4507-A27D-BD9C817DCF55}.Release|Mixed Platforms.ActiveCfg = Debug|Any CPU
		{A5ACB79A-0071-4507-A27D-BD9C817DCF55}.Release|Windows Phone.ActiveCfg = Debug|Any CPU
		{A5ACB79A-0071-4507-A27D-BD9C817DCF55}.Release|x86.ActiveCfg = Debug|Any CPU
		{7DFA4F42-2CD3-4CC3-B654-B6A185CF3E8D}.Debug|Any CPU.ActiveCfg = Debug|Any CPU
		{7DFA4F42-2CD3-4CC3-B654-B6A185CF3E8D}.Debug|Any CPU.Build.0 = Debug|Any CPU
		{7DFA4F42-2CD3-4CC3-B654-B6A185CF3E8D}.Debug|Mixed Platforms.ActiveCfg = Debug|Any CPU
		{7DFA4F42-2CD3-4CC3-B654-B6A185CF3E8D}.Debug|Mixed Platforms.Build.0 = Debug|Any CPU
		{7DFA4F42-2CD3-4CC3-B654-B6A185CF3E8D}.Debug|Windows Phone.ActiveCfg = Debug|Any CPU
		{7DFA4F42-2CD3-4CC3-B654-B6A185CF3E8D}.Debug|Windows Phone.Build.0 = Debug|Any CPU
		{7DFA4F42-2CD3-4CC3-B654-B6A185CF3E8D}.Debug|x86.ActiveCfg = Debug|Any CPU
		{7DFA4F42-2CD3-4CC3-B654-B6A185CF3E8D}.Debug|x86.Build.0 = Debug|Any CPU
		{7DFA4F42-2CD3-4CC3-B654-B6A185CF3E8D}.Release|Any CPU.ActiveCfg = Release|Any CPU
		{7DFA4F42-2CD3-4CC3-B654-B6A185CF3E8D}.Release|Any CPU.Build.0 = Release|Any CPU
		{7DFA4F42-2CD3-4CC3-B654-B6A185CF3E8D}.Release|Mixed Platforms.ActiveCfg = Release|Any CPU
		{7DFA4F42-2CD3-4CC3-B654-B6A185CF3E8D}.Release|Mixed Platforms.Build.0 = Release|Any CPU
		{7DFA4F42-2CD3-4CC3-B654-B6A185CF3E8D}.Release|Windows Phone.ActiveCfg = Release|Any CPU
		{7DFA4F42-2CD3-4CC3-B654-B6A185CF3E8D}.Release|x86.ActiveCfg = Release|Any CPU
		{27FE5D22-2A73-4A73-968A-A22F0609138D}.Debug|Any CPU.ActiveCfg = Debug|Windows Phone
		{27FE5D22-2A73-4A73-968A-A22F0609138D}.Debug|Mixed Platforms.ActiveCfg = Debug|Windows Phone
		{27FE5D22-2A73-4A73-968A-A22F0609138D}.Debug|Mixed Platforms.Build.0 = Debug|Windows Phone
		{27FE5D22-2A73-4A73-968A-A22F0609138D}.Debug|Mixed Platforms.Deploy.0 = Debug|Windows Phone
		{27FE5D22-2A73-4A73-968A-A22F0609138D}.Debug|Windows Phone.ActiveCfg = Debug|Windows Phone
		{27FE5D22-2A73-4A73-968A-A22F0609138D}.Debug|Windows Phone.Build.0 = Debug|Windows Phone
		{27FE5D22-2A73-4A73-968A-A22F0609138D}.Debug|Windows Phone.Deploy.0 = Debug|Windows Phone
		{27FE5D22-2A73-4A73-968A-A22F0609138D}.Debug|x86.ActiveCfg = Debug|Windows Phone
		{27FE5D22-2A73-4A73-968A-A22F0609138D}.Debug|x86.Build.0 = Debug|Windows Phone
		{27FE5D22-2A73-4A73-968A-A22F0609138D}.Release|Any CPU.ActiveCfg = Release|Windows Phone
		{27FE5D22-2A73-4A73-968A-A22F0609138D}.Release|Mixed Platforms.ActiveCfg = Release|Windows Phone
		{27FE5D22-2A73-4A73-968A-A22F0609138D}.Release|Mixed Platforms.Build.0 = Release|Windows Phone
		{27FE5D22-2A73-4A73-968A-A22F0609138D}.Release|Mixed Platforms.Deploy.0 = Release|Windows Phone
		{27FE5D22-2A73-4A73-968A-A22F0609138D}.Release|Windows Phone.ActiveCfg = Release|Windows Phone
		{27FE5D22-2A73-4A73-968A-A22F0609138D}.Release|Windows Phone.Build.0 = Release|Windows Phone
		{27FE5D22-2A73-4A73-968A-A22F0609138D}.Release|Windows Phone.Deploy.0 = Release|Windows Phone
		{27FE5D22-2A73-4A73-968A-A22F0609138D}.Release|x86.ActiveCfg = Release|Windows Phone
		{27FE5D22-2A73-4A73-968A-A22F0609138D}.Release|x86.Build.0 = Release|Windows Phone
		{D34C3D8C-F271-43C5-9CA2-71C42F6BC9C6}.Debug|Any CPU.ActiveCfg = Debug|Any CPU
		{D34C3D8C-F271-43C5-9CA2-71C42F6BC9C6}.Debug|Any CPU.Build.0 = Debug|Any CPU
		{D34C3D8C-F271-43C5-9CA2-71C42F6BC9C6}.Debug|Mixed Platforms.ActiveCfg = Debug|Any CPU
		{D34C3D8C-F271-43C5-9CA2-71C42F6BC9C6}.Debug|Mixed Platforms.Build.0 = Debug|Any CPU
		{D34C3D8C-F271-43C5-9CA2-71C42F6BC9C6}.Debug|Windows Phone.ActiveCfg = Debug|Any CPU
		{D34C3D8C-F271-43C5-9CA2-71C42F6BC9C6}.Debug|x86.ActiveCfg = Debug|Any CPU
		{D34C3D8C-F271-43C5-9CA2-71C42F6BC9C6}.Release|Any CPU.ActiveCfg = Release|Any CPU
		{D34C3D8C-F271-43C5-9CA2-71C42F6BC9C6}.Release|Any CPU.Build.0 = Release|Any CPU
		{D34C3D8C-F271-43C5-9CA2-71C42F6BC9C6}.Release|Mixed Platforms.ActiveCfg = Release|Any CPU
		{D34C3D8C-F271-43C5-9CA2-71C42F6BC9C6}.Release|Mixed Platforms.Build.0 = Release|Any CPU
		{D34C3D8C-F271-43C5-9CA2-71C42F6BC9C6}.Release|Windows Phone.ActiveCfg = Release|Any CPU
		{D34C3D8C-F271-43C5-9CA2-71C42F6BC9C6}.Release|x86.ActiveCfg = Release|Any CPU
		{4AA6BA9D-F363-4B1D-B925-DA6865FF0CFF}.Debug|Any CPU.ActiveCfg = Debug|x86
		{4AA6BA9D-F363-4B1D-B925-DA6865FF0CFF}.Debug|Mixed Platforms.ActiveCfg = Debug|x86
		{4AA6BA9D-F363-4B1D-B925-DA6865FF0CFF}.Debug|Mixed Platforms.Build.0 = Debug|x86
		{4AA6BA9D-F363-4B1D-B925-DA6865FF0CFF}.Debug|Windows Phone.ActiveCfg = Debug|x86
		{4AA6BA9D-F363-4B1D-B925-DA6865FF0CFF}.Debug|x86.ActiveCfg = Debug|x86
		{4AA6BA9D-F363-4B1D-B925-DA6865FF0CFF}.Debug|x86.Build.0 = Debug|x86
		{4AA6BA9D-F363-4B1D-B925-DA6865FF0CFF}.Release|Any CPU.ActiveCfg = Release|x86
		{4AA6BA9D-F363-4B1D-B925-DA6865FF0CFF}.Release|Mixed Platforms.ActiveCfg = Release|x86
		{4AA6BA9D-F363-4B1D-B925-DA6865FF0CFF}.Release|Mixed Platforms.Build.0 = Release|x86
		{4AA6BA9D-F363-4B1D-B925-DA6865FF0CFF}.Release|Windows Phone.ActiveCfg = Release|x86
		{4AA6BA9D-F363-4B1D-B925-DA6865FF0CFF}.Release|x86.ActiveCfg = Release|x86
		{4AA6BA9D-F363-4B1D-B925-DA6865FF0CFF}.Release|x86.Build.0 = Release|x86
	EndGlobalSection
	GlobalSection(SolutionProperties) = preSolution
		HideSolutionNode = FALSE
	EndGlobalSection
EndGlobal
